<Solution>
  <Project Path="DeliveryOrdering.Application/DeliveryOrdering.Application.csproj" />
  <Project Path="DeliveryOrdering.Domain/DeliveryOrdering.Domain.csproj" />
  <Project Path="DeliveryOrdering.Infrastructure/DeliveryOrdering.Infrastructure.csproj" />
  <Project Path="DeliveryOrdering/DeliveryOrdering.API.csproj" />
</Solution>
