<Solution>
  <Folder Name="/MenuCatalog/">
    <Project Path="MenuCatalog.Api/MenuCatalog.Api.csproj" />
    <Project Path="MenuCatalog.Application/MenuCatalog.Application.csproj" />
    <Project Path="MenuCatalog.Domain/MenuCatalog.Domain.csproj" />
    <Project Path="MenuCatalog.Infrastructure/MenuCatalog.Infrastructure.csproj" />
  </Folder>
</Solution>
